{
  "name": "velo-node",
  "version": "1.0.1",
  "lockfileVersion": 2,
  "requires": true,
  "packages": {
    "": {
      "name": "velo-node",
      "version": "1.0.1",
      "license": "MIT",
      "dependencies": {
        "luxon": "^3.3.0",
        "split": "^1.0.1",
        "velo-node": "^1.0.1"
      }
    },
    "node_modules/luxon": {
      "version": "3.4.3",
      "resolved": "https://registry.npmjs.org/luxon/-/luxon-3.4.3.tgz",
      "integrity": "sha512-tFWBiv3h7z+T/tDaoxA8rqTxy1CHV6gHS//QdaH4pulbq/JuBSGgQspQQqcgnwdAx6pNI7cmvz5Sv/addzHmUg==",
      "engines": {
        "node": ">=12"
      }
    },
    "node_modules/split": {
      "version": "1.0.1",
      "resolved": "https://registry.npmjs.org/split/-/split-1.0.1.tgz",
      "integrity": "sha512-mTyOoPbrivtXnwnIxZRFYRrPNtEFKlpB2fvjSnCQUiAA6qAZzqwna5envK4uk6OIeP17CsdF3rSBGYVBsU0Tkg==",
      "dependencies": {
        "through": "2"
      },
      "engines": {
        "node": "*"
      }
    },
    "node_modules/through": {
      "version": "2.3.8",
      "resolved": "https://registry.npmjs.org/through/-/through-2.3.8.tgz",
      "integrity": "sha512-w89qg7PI8wAdvX60bMDP+bFoD5Dvhm9oLheFp5O4a2QF0cSBGsBX4qZmadPMvVqlLJBBci+WqGGOAPvcDeNSVg=="
    },
    "node_modules/velo-node": {
      "version": "1.0.1",
      "resolved": "https://registry.npmjs.org/velo-node/-/velo-node-1.0.1.tgz",
      "integrity": "sha512-0F14LYEi3fp+Jc3TEHxtfyCt8MhBsKSrs8RmOtdIccwMOeXzJU7YNbUMH7wIeAZpLeEEklX5JuZV89VNZv2Djw==",
      "dependencies": {
        "luxon": "^3.3.0",
        "split": "^1.0.1"
      }
    }
  },
  "dependencies": {
    "luxon": {
      "version": "3.4.3",
      "resolved": "https://registry.npmjs.org/luxon/-/luxon-3.4.3.tgz",
      "integrity": "sha512-tFWBiv3h7z+T/tDaoxA8rqTxy1CHV6gHS//QdaH4pulbq/JuBSGgQspQQqcgnwdAx6pNI7cmvz5Sv/addzHmUg=="
    },
    "split": {
      "version": "1.0.1",
      "resolved": "https://registry.npmjs.org/split/-/split-1.0.1.tgz",
      "integrity": "sha512-mTyOoPbrivtXnwnIxZRFYRrPNtEFKlpB2fvjSnCQUiAA6qAZzqwna5envK4uk6OIeP17CsdF3rSBGYVBsU0Tkg==",
      "requires": {
        "through": "2"
      }
    },
    "through": {
      "version": "2.3.8",
      "resolved": "https://registry.npmjs.org/through/-/through-2.3.8.tgz",
      "integrity": "sha512-w89qg7PI8wAdvX60bMDP+bFoD5Dvhm9oLheFp5O4a2QF0cSBGsBX4qZmadPMvVqlLJBBci+WqGGOAPvcDeNSVg=="
    },
    "velo-node": {
      "version": "1.0.1",
      "resolved": "https://registry.npmjs.org/velo-node/-/velo-node-1.0.1.tgz",
      "integrity": "sha512-0F14LYEi3fp+Jc3TEHxtfyCt8MhBsKSrs8RmOtdIccwMOeXzJU7YNbUMH7wIeAZpLeEEklX5JuZV89VNZv2Djw==",
      "requires": {
        "luxon": "^3.3.0",
        "split": "^1.0.1"
      }
    }
  }
}
